
Microsoft Visual Studio Solution File, Format Version 12.00
# Visual Studio Version 16
VisualStudioVersion = 16.0.30225.117
MinimumVisualStudioVersion = 10.0.40219.1
Project("{FAE04EC0-301F-11D3-BF4B-00C04F79EFBC}") = "ConsoleWebScrapperKuantoKusta", "ConsoleWebScrapperKuantoKusta\ConsoleWebScrapperKuantoKusta.csproj", "{1FA1F2CD-2B05-44BA-846B-0FF161C26B23}"
EndProject
Global
	GlobalSection(SolutionConfigurationPlatforms) = preSolution
		Debug|Any CPU = Debug|Any CPU
		Release|Any CPU = Release|Any CPU
	EndGlobalSection
	GlobalSection(ProjectConfigurationPlatforms) = postSolution
		{1FA1F2CD-2B05-44BA-846B-0FF161C26B23}.Debug|Any CPU.ActiveCfg = Debug|Any CPU
		{1FA1F2CD-2B05-44BA-846B-0FF161C26B23}.Debug|Any CPU.Build.0 = Debug|Any CPU
		{1FA1F2CD-2B05-44BA-846B-0FF161C26B23}.Release|Any CPU.ActiveCfg = Release|Any CPU
		{1FA1F2CD-2B05-44BA-846B-0FF161C26B23}.Release|Any CPU.Build.0 = Release|Any CPU
	EndGlobalSection
	GlobalSection(SolutionProperties) = preSolution
		HideSolutionNode = FALSE
	EndGlobalSection
	GlobalSection(ExtensibilityGlobals) = postSolution
		SolutionGuid = {9DDAFF0C-40BC-4884-8CAD-D57F296ED59A}
	EndGlobalSection
EndGlobal
