
Microsoft Visual Studio Solution File, Format Version 12.00
# Visual Studio Version 16
VisualStudioVersion = 16.0.30225.117
MinimumVisualStudioVersion = 10.0.40219.1
Project("{FAE04EC0-301F-11D3-BF4B-00C04F79EFBC}") = "WebKuantoKustaScrapper", "WebKuantoKustaScrapper\WebKuantoKustaScrapper.csproj", "{A426E4D7-384C-4729-88C7-9077098E33C7}"
EndProject
Global
	GlobalSection(SolutionConfigurationPlatforms) = preSolution
		Debug|Any CPU = Debug|Any CPU
		Release|Any CPU = Release|Any CPU
	EndGlobalSection
	GlobalSection(ProjectConfigurationPlatforms) = postSolution
		{A426E4D7-384C-4729-88C7-9077098E33C7}.Debug|Any CPU.ActiveCfg = Debug|Any CPU
		{A426E4D7-384C-4729-88C7-9077098E33C7}.Debug|Any CPU.Build.0 = Debug|Any CPU
		{A426E4D7-384C-4729-88C7-9077098E33C7}.Release|Any CPU.ActiveCfg = Release|Any CPU
		{A426E4D7-384C-4729-88C7-9077098E33C7}.Release|Any CPU.Build.0 = Release|Any CPU
	EndGlobalSection
	GlobalSection(SolutionProperties) = preSolution
		HideSolutionNode = FALSE
	EndGlobalSection
	GlobalSection(ExtensibilityGlobals) = postSolution
		SolutionGuid = {83531777-7EDF-481A-8DA3-E448DB2C0595}
	EndGlobalSection
EndGlobal
